
Microsoft Visual Studio Solution File, Format Version 12.00
# Visual Studio 15
VisualStudioVersion = 15.0.26730.10
MinimumVisualStudioVersion = 10.0.40219.1
Project("{FAE04EC0-301F-11D3-BF4B-00C04F79EFBC}") = "programe1", "homework2\programe1.csproj", "{C97C16B8-CB8C-42A2-BF78-1A8E354931DC}"
EndProject
Project("{FAE04EC0-301F-11D3-BF4B-00C04F79EFBC}") = "programe2", "programe2\programe2.csproj", "{D3F3314B-D2CB-45E2-A23F-7F65CBE3212E}"
EndProject
Project("{FAE04EC0-301F-11D3-BF4B-00C04F79EFBC}") = "programe3", "programe3\programe3.csproj", "{3AE910A0-9A69-423F-BB8F-A6BEE2A4B55F}"
EndProject
Global
	GlobalSection(SolutionConfigurationPlatforms) = preSolution
		Debug|Any CPU = Debug|Any CPU
		Release|Any CPU = Release|Any CPU
	EndGlobalSection
	GlobalSection(ProjectConfigurationPlatforms) = postSolution
		{C97C16B8-CB8C-42A2-BF78-1A8E354931DC}.Debug|Any CPU.ActiveCfg = Debug|Any CPU
		{C97C16B8-CB8C-42A2-BF78-1A8E354931DC}.Debug|Any CPU.Build.0 = Debug|Any CPU
		{C97C16B8-CB8C-42A2-BF78-1A8E354931DC}.Release|Any CPU.ActiveCfg = Release|Any CPU
		{C97C16B8-CB8C-42A2-BF78-1A8E354931DC}.Release|Any CPU.Build.0 = Release|Any CPU
		{D3F3314B-D2CB-45E2-A23F-7F65CBE3212E}.Debug|Any CPU.ActiveCfg = Debug|Any CPU
		{D3F3314B-D2CB-45E2-A23F-7F65CBE3212E}.Debug|Any CPU.Build.0 = Debug|Any CPU
		{D3F3314B-D2CB-45E2-A23F-7F65CBE3212E}.Release|Any CPU.ActiveCfg = Release|Any CPU
		{D3F3314B-D2CB-45E2-A23F-7F65CBE3212E}.Release|Any CPU.Build.0 = Release|Any CPU
		{3AE910A0-9A69-423F-BB8F-A6BEE2A4B55F}.Debug|Any CPU.ActiveCfg = Debug|Any CPU
		{3AE910A0-9A69-423F-BB8F-A6BEE2A4B55F}.Debug|Any CPU.Build.0 = Debug|Any CPU
		{3AE910A0-9A69-423F-BB8F-A6BEE2A4B55F}.Release|Any CPU.ActiveCfg = Release|Any CPU
		{3AE910A0-9A69-423F-BB8F-A6BEE2A4B55F}.Release|Any CPU.Build.0 = Release|Any CPU
	EndGlobalSection
	GlobalSection(SolutionProperties) = preSolution
		HideSolutionNode = FALSE
	EndGlobalSection
	GlobalSection(ExtensibilityGlobals) = postSolution
		SolutionGuid = {5EC91AC7-A567-44FB-A90C-668DBCD22F95}
	EndGlobalSection
EndGlobal
